<?xml version="1.0" encoding="utf-8"?>
<Project ToolsVersion="4.0" xmlns="http://schemas.microsoft.com/developer/msbuild/2003">
  <ItemGroup>
    <Filter Include="Source Files">
      <UniqueIdentifier>{4FC737F1-C7A5-4376-A066-2A32D752A2FF}</UniqueIdentifier>
      <Extensions>cpp;c;cc;cxx;c++;cppm;ixx;def;odl;idl;hpj;bat;asm;asmx</Extensions>
    </Filter>
    <Filter Include="Header Files">
      <UniqueIdentifier>{93995380-89BD-4b04-88EB-625FBE52EBFB}</UniqueIdentifier>
      <Extensions>h;hh;hpp;hxx;h++;hm;inl;inc;ipp;xsd</Extensions>
    </Filter>
    <Filter Include="Game">
      <UniqueIdentifier>{1793d794-cbf7-46cb-85e9-1fb0a327945f}</UniqueIdentifier>
    </Filter>
    <Filter Include="Game\GameApp">
      <UniqueIdentifier>{cc240215-7936-4fea-a43d-6fc0f19bb94a}</UniqueIdentifier>
    </Filter>
    <Filter Include="Game\Camera">
      <UniqueIdentifier>{f3741a8e-14ca-4dc1-a972-873c1b9090e0}</UniqueIdentifier>
    </Filter>
    <Filter Include="Game\UI">
      <UniqueIdentifier>{cb93ec65-5c5b-47da-a227-869ad5bea1f1}</UniqueIdentifier>
    </Filter>
    <Filter Include="Game\Battle">
      <UniqueIdentifier>{2e847b89-9b26-4fd5-a716-02ed348c4e76}</UniqueIdentifier>
    </Filter>
    <Filter Include="Game\GameSystem">
      <UniqueIdentifier>{4c569056-53e6-474e-8e06-18c128624eba}</UniqueIdentifier>
    </Filter>
    <Filter Include="Game\Level">
      <UniqueIdentifier>{6dd975d5-c482-45b5-b97f-ed25b83a0ac5}</UniqueIdentifier>
    </Filter>
    <Filter Include="Game\Object">
      <UniqueIdentifier>{b74f3ce5-645f-4b2f-b2a6-7872640f2851}</UniqueIdentifier>
    </Filter>
    <Filter Include="Game\Phase">
      <UniqueIdentifier>{53b10398-6080-42e6-8b2c-0225f8dc96a2}</UniqueIdentifier>
    </Filter>
    <Filter Include="Game\Level\cyucelenMaze">
      <UniqueIdentifier>{9608f955-3e38-4fe1-9794-c5e1a01cbc5e}</UniqueIdentifier>
    </Filter>
    <Filter Include="Game\Level\MazeRender">
      <UniqueIdentifier>{d17cb285-0b5c-4fd5-885e-9d086e50946d}</UniqueIdentifier>
    </Filter>
    <Filter Include="Game\Data">
      <UniqueIdentifier>{1c4aef0a-5b86-431e-b1b4-ac150c9e1b20}</UniqueIdentifier>
    </Filter>
    <Filter Include="Game\TestCase">
      <UniqueIdentifier>{305f4a5b-16c6-4f1d-83a6-2806b2b7d774}</UniqueIdentifier>
    </Filter>
  </ItemGroup>
  <ItemGroup>
    <ClInclude Include="stdafx.h">
      <Filter>Header Files</Filter>
    </ClInclude>
    <ClInclude Include="GameApp\GameApp.h">
      <Filter>Game\GameApp</Filter>
    </ClInclude>
    <ClInclude Include="FileNameDefine.h">
      <Filter>Header Files</Filter>
    </ClInclude>
    <ClInclude Include="GameCamera\GameCamera.h">
      <Filter>Game\Camera</Filter>
    </ClInclude>
    <ClInclude Include="UI\GameUI.h">
      <Filter>Game\UI</Filter>
    </ClInclude>
    <ClInclude Include="UI\FingerMovingDirection.h">
      <Filter>Game\UI</Filter>
    </ClInclude>
    <ClInclude Include="UI\SwitchWeaponUI.h">
      <Filter>Game\UI</Filter>
    </ClInclude>
    <ClInclude Include="Battle\BattlAttackBase.h">
      <Filter>Game\Battle</Filter>
    </ClInclude>
    <ClInclude Include="Battle\BattleAttackCurveMove.h">
      <Filter>Game\Battle</Filter>
    </ClInclude>
    <ClInclude Include="Battle\BattleAttackMoveObject.h">
      <Filter>Game\Battle</Filter>
    </ClInclude>
    <ClInclude Include="Battle\BattleAttackPointsTouch.h">
      <Filter>Game\Battle</Filter>
    </ClInclude>
    <ClInclude Include="Battle\BattleAttackTouchSequence.h">
      <Filter>Game\Battle</Filter>
    </ClInclude>
    <ClInclude Include="GameSystem\CharacterStatusSystem.h">
      <Filter>Game\GameSystem</Filter>
    </ClInclude>
    <ClInclude Include="GameSystem\ItemInfoSystem.h">
      <Filter>Game\GameSystem</Filter>
    </ClInclude>
    <ClInclude Include="GameSystem\ResourceSystem.h">
      <Filter>Game\GameSystem</Filter>
    </ClInclude>
    <ClInclude Include="GameSystem\SoundSystem.h">
      <Filter>Game\GameSystem</Filter>
    </ClInclude>
    <ClInclude Include="GameSystem\TalkSystem.h">
      <Filter>Game\GameSystem</Filter>
    </ClInclude>
    <ClInclude Include="Battle\BattleAISystem.h">
      <Filter>Game\Battle</Filter>
    </ClInclude>
    <ClInclude Include="Battle\GamePlayAttackPath.h">
      <Filter>Game\Battle</Filter>
    </ClInclude>
    <ClInclude Include="Level\LevelData.h">
      <Filter>Game\Level</Filter>
    </ClInclude>
    <ClInclude Include="Level\MagicTowerDefineDataNode.h">
      <Filter>Game\Level</Filter>
    </ClInclude>
    <ClInclude Include="Level\MapRule.h">
      <Filter>Game\Level</Filter>
    </ClInclude>
    <ClInclude Include="Level\MapSceneRule.h">
      <Filter>Game\Level</Filter>
    </ClInclude>
    <ClInclude Include="Level\MazeGenerator.h">
      <Filter>Game\Level</Filter>
    </ClInclude>
    <ClInclude Include="Level\StageData.h">
      <Filter>Game\Level</Filter>
    </ClInclude>
    <ClInclude Include="Object\CharacterBase.h">
      <Filter>Game\Object</Filter>
    </ClInclude>
    <ClInclude Include="Object\ItemData.h">
      <Filter>Game\Object</Filter>
    </ClInclude>
    <ClInclude Include="Object\MainCharacterBehavior.h">
      <Filter>Game\Object</Filter>
    </ClInclude>
    <ClInclude Include="Object\MonsterBase.h">
      <Filter>Game\Object</Filter>
    </ClInclude>
    <ClInclude Include="Object\MoveObject.h">
      <Filter>Game\Object</Filter>
    </ClInclude>
    <ClInclude Include="Phase\BattlePhase.h">
      <Filter>Game\Phase</Filter>
    </ClInclude>
    <ClInclude Include="Phase\MainMenuPhase.h">
      <Filter>Game\Phase</Filter>
    </ClInclude>
    <ClInclude Include="Phase\SceneControl.h">
      <Filter>Game\Phase</Filter>
    </ClInclude>
    <ClInclude Include="Phase\ViewMapPhase.h">
      <Filter>Game\Phase</Filter>
    </ClInclude>
    <ClInclude Include="Phase\WalkingInMapPhase.h">
      <Filter>Game\Phase</Filter>
    </ClInclude>
    <ClInclude Include="UI\UIInfo.h">
      <Filter>Game\UI</Filter>
    </ClInclude>
    <ClInclude Include="UI\VirtualGamePad.h">
      <Filter>Game\UI</Filter>
    </ClInclude>
    <ClInclude Include="Level\cyucelenMaze\cell.h">
      <Filter>Game\Level\cyucelenMaze</Filter>
    </ClInclude>
    <ClInclude Include="Level\cyucelenMaze\grid.h">
      <Filter>Game\Level\cyucelenMaze</Filter>
    </ClInclude>
    <ClInclude Include="Level\MazeRender.h">
      <Filter>Game\Level\MazeRender</Filter>
    </ClInclude>
    <ClInclude Include="Data\DialogContent.h">
      <Filter>Game\Data</Filter>
    </ClInclude>
    <ClInclude Include="TestCase\MazeTest.h">
      <Filter>Game\TestCase</Filter>
    </ClInclude>
  </ItemGroup>
  <ItemGroup>
    <ClCompile Include="GameApp\GameApp.cpp">
      <Filter>Game\GameApp</Filter>
    </ClCompile>
    <ClCompile Include="stdafx.cpp">
      <Filter>Source Files</Filter>
    </ClCompile>
    <ClCompile Include="UI\GameUI.cpp">
      <Filter>Game\UI</Filter>
    </ClCompile>
    <ClCompile Include="GameCamera\GameCamera.cpp">
      <Filter>Game\Camera</Filter>
    </ClCompile>
    <ClCompile Include="UI\FingerMovingDirection.cpp">
      <Filter>Game\UI</Filter>
    </ClCompile>
    <ClCompile Include="UI\SwitchWeaponUI.cpp">
      <Filter>Game\UI</Filter>
    </ClCompile>
    <ClCompile Include="Battle\BattlAttackBase.cpp">
      <Filter>Game\Battle</Filter>
    </ClCompile>
    <ClCompile Include="Battle\BattleAttackCurveMove.cpp">
      <Filter>Game\Battle</Filter>
    </ClCompile>
    <ClCompile Include="Battle\BattleAttackMoveObject.cpp">
      <Filter>Game\Battle</Filter>
    </ClCompile>
    <ClCompile Include="Battle\BattleAttackPointsTouch.cpp">
      <Filter>Game\Battle</Filter>
    </ClCompile>
    <ClCompile Include="Battle\BattleAttackTouchSequence.cpp">
      <Filter>Game\Battle</Filter>
    </ClCompile>
    <ClCompile Include="GameSystem\CharacterStatusSystem.cpp">
      <Filter>Game\GameSystem</Filter>
    </ClCompile>
    <ClCompile Include="GameSystem\ItemInfoSystem.cpp">
      <Filter>Game\GameSystem</Filter>
    </ClCompile>
    <ClCompile Include="GameSystem\ResourceSystem.cpp">
      <Filter>Game\GameSystem</Filter>
    </ClCompile>
    <ClCompile Include="GameSystem\SoundSystem.cpp">
      <Filter>Game\GameSystem</Filter>
    </ClCompile>
    <ClCompile Include="GameSystem\TalkSystem.cpp">
      <Filter>Game\GameSystem</Filter>
    </ClCompile>
    <ClCompile Include="Battle\BattleAISystem.cpp">
      <Filter>Game\Battle</Filter>
    </ClCompile>
    <ClCompile Include="Battle\GamePlayAttackPath.cpp">
      <Filter>Game\Battle</Filter>
    </ClCompile>
    <ClCompile Include="Level\LevelData.cpp">
      <Filter>Game\Level</Filter>
    </ClCompile>
    <ClCompile Include="Level\MagicTowerDefineDataNode.cpp">
      <Filter>Game\Level</Filter>
    </ClCompile>
    <ClCompile Include="Level\MapRule.cpp">
      <Filter>Game\Level</Filter>
    </ClCompile>
    <ClCompile Include="Level\MapSceneRule.cpp">
      <Filter>Game\Level</Filter>
    </ClCompile>
    <ClCompile Include="Level\MazeGenerator.cpp">
      <Filter>Game\Level</Filter>
    </ClCompile>
    <ClCompile Include="Level\StageData.cpp">
      <Filter>Game\Level</Filter>
    </ClCompile>
    <ClCompile Include="Object\CharacterBase.cpp">
      <Filter>Game\Object</Filter>
    </ClCompile>
    <ClCompile Include="Object\ItemData.cpp">
      <Filter>Game\Object</Filter>
    </ClCompile>
    <ClCompile Include="Object\MainCharacterBehavior.cpp">
      <Filter>Game\Object</Filter>
    </ClCompile>
    <ClCompile Include="Object\MonsterBase.cpp">
      <Filter>Game\Object</Filter>
    </ClCompile>
    <ClCompile Include="Object\MoveObject.cpp">
      <Filter>Game\Object</Filter>
    </ClCompile>
    <ClCompile Include="Phase\BattlePhase.cpp">
      <Filter>Game\Phase</Filter>
    </ClCompile>
    <ClCompile Include="Phase\MainMenuPhase.cpp">
      <Filter>Game\Phase</Filter>
    </ClCompile>
    <ClCompile Include="Phase\SceneControl.cpp">
      <Filter>Game\Phase</Filter>
    </ClCompile>
    <ClCompile Include="Phase\ViewMapPhase.cpp">
      <Filter>Game\Phase</Filter>
    </ClCompile>
    <ClCompile Include="Phase\WalkingInMapPhase.cpp">
      <Filter>Game\Phase</Filter>
    </ClCompile>
    <ClCompile Include="UI\UIInfo.cpp">
      <Filter>Game\UI</Filter>
    </ClCompile>
    <ClCompile Include="UI\VirtualGamePad.cpp">
      <Filter>Game\UI</Filter>
    </ClCompile>
    <ClCompile Include="Level\cyucelenMaze\cell.cpp">
      <Filter>Game\Level\cyucelenMaze</Filter>
    </ClCompile>
    <ClCompile Include="Level\cyucelenMaze\grid.cpp">
      <Filter>Game\Level\cyucelenMaze</Filter>
    </ClCompile>
    <ClCompile Include="Level\MazeRender.cpp">
      <Filter>Game\Level\MazeRender</Filter>
    </ClCompile>
    <ClCompile Include="TestCase\MazeTest.cpp">
      <Filter>Game\TestCase</Filter>
    </ClCompile>
  </ItemGroup>
</Project>