
Microsoft Visual Studio Solution File, Format Version 12.00
# Visual Studio Version 17
VisualStudioVersion = 17.4.33122.133
MinimumVisualStudioVersion = 10.0.40219.1
Project("{8BC9CEB8-8B4A-11D0-8D11-00A0C91BC942}") = "Win32", "Win32\Win32.vcxproj", "{77E00846-770C-45AA-99A1-EF295FB97B74}"
EndProject
Project("{8BC9CEB8-8B4A-11D0-8D11-00A0C91BC942}") = "Core", "..\..\FM79979\Src\FM79979Engine\Core\Core.vcxproj", "{D5962A80-CFCF-437A-B224-01C03CF9FD1A}"
EndProject
Project("{8BC9CEB8-8B4A-11D0-8D11-00A0C91BC942}") = "FatmingAI", "..\..\FM79979\Src\FM79979Engine\Core\FatmingAI\FatmingAI.vcxproj", "{377C8B76-B1E4-4004-83E6-65C42799380E}"
EndProject
Project("{8BC9CEB8-8B4A-11D0-8D11-00A0C91BC942}") = "Bullet", "..\..\FM79979\Src\FM79979Engine\Core\GameplayUT\Physic\Bullet\Bullet.vcxproj", "{B97AEE71-62EC-40F0-ABD0-6EABF0787A3E}"
EndProject
Project("{8BC9CEB8-8B4A-11D0-8D11-00A0C91BC942}") = "GameLib", "GameLib\GameLib.vcxproj", "{3E50106F-529F-435F-A2EC-11918C3C8B40}"
EndProject
Project("{8BC9CEB8-8B4A-11D0-8D11-00A0C91BC942}") = "Freetype", "..\..\FM79979\Src\FM79979Engine\Freetype\Freetype.vcxproj", "{29840BD0-19C2-4DDD-BC75-2EC94B6C9EEC}"
EndProject
Project("{8BC9CEB8-8B4A-11D0-8D11-00A0C91BC942}") = "ogg", "..\..\FM79979\Src\FM79979Engine\Core\Sound\ogg\ogg.vcxproj", "{D07C6FC2-02D7-41AE-8498-35186CD57B5A}"
EndProject
Project("{8BC9CEB8-8B4A-11D0-8D11-00A0C91BC942}") = "Emscripten", "Emscripten\Emscripten.vcxproj", "{9A498592-0B17-40A4-B6BA-426E86086FCC}"
EndProject
Project("{8BC9CEB8-8B4A-11D0-8D11-00A0C91BC942}") = "FMEvent", "..\..\FM79979\Src\FM79979Engine\Core\FMEvent\Event.vcxproj", "{CB79DCA3-5F7A-423F-BA3E-01DF441C06B1}"
EndProject
Project("{8BC9CEB8-8B4A-11D0-8D11-00A0C91BC942}") = "LevelData", "..\..\FM79979\Src\FM79979Engine\Core\FMLevelData\FMLevelData.vcxproj", "{446A6D50-5176-4D3C-938B-65E7B41D0873}"
EndProject
Project("{8BC9CEB8-8B4A-11D0-8D11-00A0C91BC942}") = "Tween", "..\..\FM79979\Src\FM79979Engine\Tween\Tween.vcxproj", "{B1296C8B-910C-4090-A16A-42C739B864FB}"
EndProject
Global
	GlobalSection(SolutionConfigurationPlatforms) = preSolution
		Debug_NoPthread|Emscripten = Debug_NoPthread|Emscripten
		Debug_NoPthread|x64 = Debug_NoPthread|x64
		Debug_NoPthread|x86 = Debug_NoPthread|x86
		Debug|Emscripten = Debug|Emscripten
		Debug|x64 = Debug|x64
		Debug|x86 = Debug|x86
		Release_NO_PTHREAD_WITH_BULLET|Emscripten = Release_NO_PTHREAD_WITH_BULLET|Emscripten
		Release_NO_PTHREAD_WITH_BULLET|x64 = Release_NO_PTHREAD_WITH_BULLET|x64
		Release_NO_PTHREAD_WITH_BULLET|x86 = Release_NO_PTHREAD_WITH_BULLET|x86
		Release_NoPthread|Emscripten = Release_NoPthread|Emscripten
		Release_NoPthread|x64 = Release_NoPthread|x64
		Release_NoPthread|x86 = Release_NoPthread|x86
		Release|Emscripten = Release|Emscripten
		Release|x64 = Release|x64
		Release|x86 = Release|x86
	EndGlobalSection
	GlobalSection(ProjectConfigurationPlatforms) = postSolution
		{77E00846-770C-45AA-99A1-EF295FB97B74}.Debug_NoPthread|Emscripten.ActiveCfg = Debug|x64
		{77E00846-770C-45AA-99A1-EF295FB97B74}.Debug_NoPthread|x64.ActiveCfg = Debug|x64
		{77E00846-770C-45AA-99A1-EF295FB97B74}.Debug_NoPthread|x64.Build.0 = Debug|x64
		{77E00846-770C-45AA-99A1-EF295FB97B74}.Debug_NoPthread|x86.ActiveCfg = Debug|x64
		{77E00846-770C-45AA-99A1-EF295FB97B74}.Debug_NoPthread|x86.Build.0 = Debug|x64
		{77E00846-770C-45AA-99A1-EF295FB97B74}.Debug|Emscripten.ActiveCfg = Debug|x64
		{77E00846-770C-45AA-99A1-EF295FB97B74}.Debug|x64.ActiveCfg = Debug|x64
		{77E00846-770C-45AA-99A1-EF295FB97B74}.Debug|x64.Build.0 = Debug|x64
		{77E00846-770C-45AA-99A1-EF295FB97B74}.Debug|x86.ActiveCfg = Debug|x64
		{77E00846-770C-45AA-99A1-EF295FB97B74}.Debug|x86.Build.0 = Debug|x64
		{77E00846-770C-45AA-99A1-EF295FB97B74}.Release_NO_PTHREAD_WITH_BULLET|Emscripten.ActiveCfg = Release_NO_PTHREAD_WITH_BULLET|x64
		{77E00846-770C-45AA-99A1-EF295FB97B74}.Release_NO_PTHREAD_WITH_BULLET|Emscripten.Build.0 = Release_NO_PTHREAD_WITH_BULLET|x64
		{77E00846-770C-45AA-99A1-EF295FB97B74}.Release_NO_PTHREAD_WITH_BULLET|x64.ActiveCfg = Release_NO_PTHREAD_WITH_BULLET|x64
		{77E00846-770C-45AA-99A1-EF295FB97B74}.Release_NO_PTHREAD_WITH_BULLET|x86.ActiveCfg = Release_NO_PTHREAD_WITH_BULLET|x64
		{77E00846-770C-45AA-99A1-EF295FB97B74}.Release_NO_PTHREAD_WITH_BULLET|x86.Build.0 = Release_NO_PTHREAD_WITH_BULLET|x64
		{77E00846-770C-45AA-99A1-EF295FB97B74}.Release_NoPthread|Emscripten.ActiveCfg = Debug|x64
		{77E00846-770C-45AA-99A1-EF295FB97B74}.Release_NoPthread|x64.ActiveCfg = Release|x64
		{77E00846-770C-45AA-99A1-EF295FB97B74}.Release_NoPthread|x86.ActiveCfg = Release_NO_PTHREAD_WITH_BULLET|x64
		{77E00846-770C-45AA-99A1-EF295FB97B74}.Release_NoPthread|x86.Build.0 = Release_NO_PTHREAD_WITH_BULLET|x64
		{77E00846-770C-45AA-99A1-EF295FB97B74}.Release|Emscripten.ActiveCfg = Release|x64
		{77E00846-770C-45AA-99A1-EF295FB97B74}.Release|x64.ActiveCfg = Release|x64
		{77E00846-770C-45AA-99A1-EF295FB97B74}.Release|x64.Build.0 = Release|x64
		{77E00846-770C-45AA-99A1-EF295FB97B74}.Release|x86.ActiveCfg = Release|x64
		{77E00846-770C-45AA-99A1-EF295FB97B74}.Release|x86.Build.0 = Release|x64
		{D5962A80-CFCF-437A-B224-01C03CF9FD1A}.Debug_NoPthread|Emscripten.ActiveCfg = Debug_NoPthread|Emscripten
		{D5962A80-CFCF-437A-B224-01C03CF9FD1A}.Debug_NoPthread|Emscripten.Build.0 = Debug_NoPthread|Emscripten
		{D5962A80-CFCF-437A-B224-01C03CF9FD1A}.Debug_NoPthread|x64.ActiveCfg = Debug_NoPthread|x64
		{D5962A80-CFCF-437A-B224-01C03CF9FD1A}.Debug_NoPthread|x64.Build.0 = Debug_NoPthread|x64
		{D5962A80-CFCF-437A-B224-01C03CF9FD1A}.Debug_NoPthread|x86.ActiveCfg = Debug_NoPthread|x64
		{D5962A80-CFCF-437A-B224-01C03CF9FD1A}.Debug_NoPthread|x86.Build.0 = Debug_NoPthread|x64
		{D5962A80-CFCF-437A-B224-01C03CF9FD1A}.Debug|Emscripten.ActiveCfg = Debug_NoPthread|Emscripten
		{D5962A80-CFCF-437A-B224-01C03CF9FD1A}.Debug|Emscripten.Build.0 = Debug_NoPthread|Emscripten
		{D5962A80-CFCF-437A-B224-01C03CF9FD1A}.Debug|x64.ActiveCfg = Debug|x64
		{D5962A80-CFCF-437A-B224-01C03CF9FD1A}.Debug|x64.Build.0 = Debug|x64
		{D5962A80-CFCF-437A-B224-01C03CF9FD1A}.Debug|x86.ActiveCfg = Debug|x64
		{D5962A80-CFCF-437A-B224-01C03CF9FD1A}.Debug|x86.Build.0 = Debug|x64
		{D5962A80-CFCF-437A-B224-01C03CF9FD1A}.Release_NO_PTHREAD_WITH_BULLET|Emscripten.ActiveCfg = Release_NO_PTHREAD_WITH_BULLET|Emscripten
		{D5962A80-CFCF-437A-B224-01C03CF9FD1A}.Release_NO_PTHREAD_WITH_BULLET|x64.ActiveCfg = Release_NO_PTHREAD_WITH_BULLET|x64
		{D5962A80-CFCF-437A-B224-01C03CF9FD1A}.Release_NO_PTHREAD_WITH_BULLET|x64.Build.0 = Release_NO_PTHREAD_WITH_BULLET|x64
		{D5962A80-CFCF-437A-B224-01C03CF9FD1A}.Release_NO_PTHREAD_WITH_BULLET|x86.ActiveCfg = Release_NO_PTHREAD_WITH_BULLET|x64
		{D5962A80-CFCF-437A-B224-01C03CF9FD1A}.Release_NO_PTHREAD_WITH_BULLET|x86.Build.0 = Release_NO_PTHREAD_WITH_BULLET|x64
		{D5962A80-CFCF-437A-B224-01C03CF9FD1A}.Release_NoPthread|Emscripten.ActiveCfg = Release_NoPthread|Emscripten
		{D5962A80-CFCF-437A-B224-01C03CF9FD1A}.Release_NoPthread|Emscripten.Build.0 = Release_NoPthread|Emscripten
		{D5962A80-CFCF-437A-B224-01C03CF9FD1A}.Release_NoPthread|x64.ActiveCfg = Release_NoPthread|x64
		{D5962A80-CFCF-437A-B224-01C03CF9FD1A}.Release_NoPthread|x64.Build.0 = Release_NoPthread|x64
		{D5962A80-CFCF-437A-B224-01C03CF9FD1A}.Release_NoPthread|x86.ActiveCfg = Release_NoPthread|x64
		{D5962A80-CFCF-437A-B224-01C03CF9FD1A}.Release_NoPthread|x86.Build.0 = Release_NoPthread|x64
		{D5962A80-CFCF-437A-B224-01C03CF9FD1A}.Release|Emscripten.ActiveCfg = Release_NO_PTHREAD_WITH_BULLET|Emscripten
		{D5962A80-CFCF-437A-B224-01C03CF9FD1A}.Release|x64.ActiveCfg = Release|x64
		{D5962A80-CFCF-437A-B224-01C03CF9FD1A}.Release|x64.Build.0 = Release|x64
		{D5962A80-CFCF-437A-B224-01C03CF9FD1A}.Release|x86.ActiveCfg = Release|x64
		{D5962A80-CFCF-437A-B224-01C03CF9FD1A}.Release|x86.Build.0 = Release|x64
		{377C8B76-B1E4-4004-83E6-65C42799380E}.Debug_NoPthread|Emscripten.ActiveCfg = Debug|Emscripten
		{377C8B76-B1E4-4004-83E6-65C42799380E}.Debug_NoPthread|Emscripten.Build.0 = Debug|Emscripten
		{377C8B76-B1E4-4004-83E6-65C42799380E}.Debug_NoPthread|x64.ActiveCfg = Debug|x64
		{377C8B76-B1E4-4004-83E6-65C42799380E}.Debug_NoPthread|x64.Build.0 = Debug|x64
		{377C8B76-B1E4-4004-83E6-65C42799380E}.Debug_NoPthread|x86.ActiveCfg = Debug|x64
		{377C8B76-B1E4-4004-83E6-65C42799380E}.Debug_NoPthread|x86.Build.0 = Debug|x64
		{377C8B76-B1E4-4004-83E6-65C42799380E}.Debug|Emscripten.ActiveCfg = Debug|Emscripten
		{377C8B76-B1E4-4004-83E6-65C42799380E}.Debug|Emscripten.Build.0 = Debug|Emscripten
		{377C8B76-B1E4-4004-83E6-65C42799380E}.Debug|x64.ActiveCfg = Debug|x64
		{377C8B76-B1E4-4004-83E6-65C42799380E}.Debug|x86.ActiveCfg = Debug|x64
		{377C8B76-B1E4-4004-83E6-65C42799380E}.Debug|x86.Build.0 = Debug|x64
		{377C8B76-B1E4-4004-83E6-65C42799380E}.Release_NO_PTHREAD_WITH_BULLET|Emscripten.ActiveCfg = Release_NO_PTHREAD_WITH_BULLET|Emscripten
		{377C8B76-B1E4-4004-83E6-65C42799380E}.Release_NO_PTHREAD_WITH_BULLET|x64.ActiveCfg = Release_NO_PTHREAD_WITH_BULLET|x64
		{377C8B76-B1E4-4004-83E6-65C42799380E}.Release_NO_PTHREAD_WITH_BULLET|x64.Build.0 = Release_NO_PTHREAD_WITH_BULLET|x64
		{377C8B76-B1E4-4004-83E6-65C42799380E}.Release_NO_PTHREAD_WITH_BULLET|x86.ActiveCfg = Release_NO_PTHREAD_WITH_BULLET|x64
		{377C8B76-B1E4-4004-83E6-65C42799380E}.Release_NO_PTHREAD_WITH_BULLET|x86.Build.0 = Release_NO_PTHREAD_WITH_BULLET|x64
		{377C8B76-B1E4-4004-83E6-65C42799380E}.Release_NoPthread|Emscripten.ActiveCfg = Release|Emscripten
		{377C8B76-B1E4-4004-83E6-65C42799380E}.Release_NoPthread|Emscripten.Build.0 = Release|Emscripten
		{377C8B76-B1E4-4004-83E6-65C42799380E}.Release_NoPthread|x64.ActiveCfg = Release|x64
		{377C8B76-B1E4-4004-83E6-65C42799380E}.Release_NoPthread|x64.Build.0 = Release|x64
		{377C8B76-B1E4-4004-83E6-65C42799380E}.Release_NoPthread|x86.ActiveCfg = Release_NO_PTHREAD_WITH_BULLET|x64
		{377C8B76-B1E4-4004-83E6-65C42799380E}.Release_NoPthread|x86.Build.0 = Release_NO_PTHREAD_WITH_BULLET|x64
		{377C8B76-B1E4-4004-83E6-65C42799380E}.Release|Emscripten.ActiveCfg = Release|Emscripten
		{377C8B76-B1E4-4004-83E6-65C42799380E}.Release|x64.ActiveCfg = Release|x64
		{377C8B76-B1E4-4004-83E6-65C42799380E}.Release|x64.Build.0 = Release|x64
		{377C8B76-B1E4-4004-83E6-65C42799380E}.Release|x86.ActiveCfg = Release|x64
		{377C8B76-B1E4-4004-83E6-65C42799380E}.Release|x86.Build.0 = Release|x64
		{B97AEE71-62EC-40F0-ABD0-6EABF0787A3E}.Debug_NoPthread|Emscripten.ActiveCfg = Debug|Emscripten
		{B97AEE71-62EC-40F0-ABD0-6EABF0787A3E}.Debug_NoPthread|Emscripten.Build.0 = Debug|Emscripten
		{B97AEE71-62EC-40F0-ABD0-6EABF0787A3E}.Debug_NoPthread|x64.ActiveCfg = Debug|x64
		{B97AEE71-62EC-40F0-ABD0-6EABF0787A3E}.Debug_NoPthread|x64.Build.0 = Debug|x64
		{B97AEE71-62EC-40F0-ABD0-6EABF0787A3E}.Debug_NoPthread|x86.ActiveCfg = Debug|x64
		{B97AEE71-62EC-40F0-ABD0-6EABF0787A3E}.Debug_NoPthread|x86.Build.0 = Debug|x64
		{B97AEE71-62EC-40F0-ABD0-6EABF0787A3E}.Debug|Emscripten.ActiveCfg = Debug|Emscripten
		{B97AEE71-62EC-40F0-ABD0-6EABF0787A3E}.Debug|Emscripten.Build.0 = Debug|Emscripten
		{B97AEE71-62EC-40F0-ABD0-6EABF0787A3E}.Debug|x64.ActiveCfg = Debug|x64
		{B97AEE71-62EC-40F0-ABD0-6EABF0787A3E}.Debug|x86.ActiveCfg = Debug|x64
		{B97AEE71-62EC-40F0-ABD0-6EABF0787A3E}.Debug|x86.Build.0 = Debug|x64
		{B97AEE71-62EC-40F0-ABD0-6EABF0787A3E}.Release_NO_PTHREAD_WITH_BULLET|Emscripten.ActiveCfg = Release_NO_PTHREAD_WITH_BULLET|Emscripten
		{B97AEE71-62EC-40F0-ABD0-6EABF0787A3E}.Release_NO_PTHREAD_WITH_BULLET|x64.ActiveCfg = Release_NO_PTHREAD_WITH_BULLET|x64
		{B97AEE71-62EC-40F0-ABD0-6EABF0787A3E}.Release_NO_PTHREAD_WITH_BULLET|x64.Build.0 = Release_NO_PTHREAD_WITH_BULLET|x64
		{B97AEE71-62EC-40F0-ABD0-6EABF0787A3E}.Release_NO_PTHREAD_WITH_BULLET|x86.ActiveCfg = Release_NO_PTHREAD_WITH_BULLET|x64
		{B97AEE71-62EC-40F0-ABD0-6EABF0787A3E}.Release_NO_PTHREAD_WITH_BULLET|x86.Build.0 = Release_NO_PTHREAD_WITH_BULLET|x64
		{B97AEE71-62EC-40F0-ABD0-6EABF0787A3E}.Release_NoPthread|Emscripten.ActiveCfg = Release|Emscripten
		{B97AEE71-62EC-40F0-ABD0-6EABF0787A3E}.Release_NoPthread|Emscripten.Build.0 = Release|Emscripten
		{B97AEE71-62EC-40F0-ABD0-6EABF0787A3E}.Release_NoPthread|x64.ActiveCfg = Release|x64
		{B97AEE71-62EC-40F0-ABD0-6EABF0787A3E}.Release_NoPthread|x64.Build.0 = Release|x64
		{B97AEE71-62EC-40F0-ABD0-6EABF0787A3E}.Release_NoPthread|x86.ActiveCfg = Release_NO_PTHREAD_WITH_BULLET|x64
		{B97AEE71-62EC-40F0-ABD0-6EABF0787A3E}.Release_NoPthread|x86.Build.0 = Release_NO_PTHREAD_WITH_BULLET|x64
		{B97AEE71-62EC-40F0-ABD0-6EABF0787A3E}.Release|Emscripten.ActiveCfg = Release|Emscripten
		{B97AEE71-62EC-40F0-ABD0-6EABF0787A3E}.Release|x64.ActiveCfg = Release|x64
		{B97AEE71-62EC-40F0-ABD0-6EABF0787A3E}.Release|x64.Build.0 = Release|x64
		{B97AEE71-62EC-40F0-ABD0-6EABF0787A3E}.Release|x86.ActiveCfg = Release|x64
		{B97AEE71-62EC-40F0-ABD0-6EABF0787A3E}.Release|x86.Build.0 = Release|x64
		{3E50106F-529F-435F-A2EC-11918C3C8B40}.Debug_NoPthread|Emscripten.ActiveCfg = Debug|Emscripten
		{3E50106F-529F-435F-A2EC-11918C3C8B40}.Debug_NoPthread|Emscripten.Build.0 = Debug|Emscripten
		{3E50106F-529F-435F-A2EC-11918C3C8B40}.Debug_NoPthread|x64.ActiveCfg = Debug|x64
		{3E50106F-529F-435F-A2EC-11918C3C8B40}.Debug_NoPthread|x64.Build.0 = Debug|x64
		{3E50106F-529F-435F-A2EC-11918C3C8B40}.Debug_NoPthread|x86.ActiveCfg = Debug|x64
		{3E50106F-529F-435F-A2EC-11918C3C8B40}.Debug_NoPthread|x86.Build.0 = Debug|x64
		{3E50106F-529F-435F-A2EC-11918C3C8B40}.Debug|Emscripten.ActiveCfg = Debug|Emscripten
		{3E50106F-529F-435F-A2EC-11918C3C8B40}.Debug|Emscripten.Build.0 = Debug|Emscripten
		{3E50106F-529F-435F-A2EC-11918C3C8B40}.Debug|x64.ActiveCfg = Debug|x64
		{3E50106F-529F-435F-A2EC-11918C3C8B40}.Debug|x64.Build.0 = Debug|x64
		{3E50106F-529F-435F-A2EC-11918C3C8B40}.Debug|x86.ActiveCfg = Debug|x64
		{3E50106F-529F-435F-A2EC-11918C3C8B40}.Debug|x86.Build.0 = Debug|x64
		{3E50106F-529F-435F-A2EC-11918C3C8B40}.Release_NO_PTHREAD_WITH_BULLET|Emscripten.ActiveCfg = Release_NO_PTHREAD_WITH_BULLET|Emscripten
		{3E50106F-529F-435F-A2EC-11918C3C8B40}.Release_NO_PTHREAD_WITH_BULLET|x64.ActiveCfg = Release_NO_PTHREAD_WITH_BULLET|x64
		{3E50106F-529F-435F-A2EC-11918C3C8B40}.Release_NO_PTHREAD_WITH_BULLET|x64.Build.0 = Release_NO_PTHREAD_WITH_BULLET|x64
		{3E50106F-529F-435F-A2EC-11918C3C8B40}.Release_NO_PTHREAD_WITH_BULLET|x86.ActiveCfg = Release_NO_PTHREAD_WITH_BULLET|x64
		{3E50106F-529F-435F-A2EC-11918C3C8B40}.Release_NO_PTHREAD_WITH_BULLET|x86.Build.0 = Release_NO_PTHREAD_WITH_BULLET|x64
		{3E50106F-529F-435F-A2EC-11918C3C8B40}.Release_NoPthread|Emscripten.ActiveCfg = Release|Emscripten
		{3E50106F-529F-435F-A2EC-11918C3C8B40}.Release_NoPthread|Emscripten.Build.0 = Release|Emscripten
		{3E50106F-529F-435F-A2EC-11918C3C8B40}.Release_NoPthread|x64.ActiveCfg = Release|x64
		{3E50106F-529F-435F-A2EC-11918C3C8B40}.Release_NoPthread|x64.Build.0 = Release|x64
		{3E50106F-529F-435F-A2EC-11918C3C8B40}.Release_NoPthread|x86.ActiveCfg = Release_NO_PTHREAD_WITH_BULLET|x64
		{3E50106F-529F-435F-A2EC-11918C3C8B40}.Release_NoPthread|x86.Build.0 = Release_NO_PTHREAD_WITH_BULLET|x64
		{3E50106F-529F-435F-A2EC-11918C3C8B40}.Release|Emscripten.ActiveCfg = Release|Emscripten
		{3E50106F-529F-435F-A2EC-11918C3C8B40}.Release|x64.ActiveCfg = Release|x64
		{3E50106F-529F-435F-A2EC-11918C3C8B40}.Release|x64.Build.0 = Release|x64
		{3E50106F-529F-435F-A2EC-11918C3C8B40}.Release|x86.ActiveCfg = Release|x64
		{3E50106F-529F-435F-A2EC-11918C3C8B40}.Release|x86.Build.0 = Release|x64
		{29840BD0-19C2-4DDD-BC75-2EC94B6C9EEC}.Debug_NoPthread|Emscripten.ActiveCfg = Debug_NoPthread|Emscripten
		{29840BD0-19C2-4DDD-BC75-2EC94B6C9EEC}.Debug_NoPthread|Emscripten.Build.0 = Debug_NoPthread|Emscripten
		{29840BD0-19C2-4DDD-BC75-2EC94B6C9EEC}.Debug_NoPthread|x64.ActiveCfg = Debug|x64
		{29840BD0-19C2-4DDD-BC75-2EC94B6C9EEC}.Debug_NoPthread|x64.Build.0 = Debug|x64
		{29840BD0-19C2-4DDD-BC75-2EC94B6C9EEC}.Debug_NoPthread|x86.ActiveCfg = Debug_NoPthread|x64
		{29840BD0-19C2-4DDD-BC75-2EC94B6C9EEC}.Debug_NoPthread|x86.Build.0 = Debug_NoPthread|x64
		{29840BD0-19C2-4DDD-BC75-2EC94B6C9EEC}.Debug|Emscripten.ActiveCfg = Debug|Emscripten
		{29840BD0-19C2-4DDD-BC75-2EC94B6C9EEC}.Debug|Emscripten.Build.0 = Debug|Emscripten
		{29840BD0-19C2-4DDD-BC75-2EC94B6C9EEC}.Debug|x64.ActiveCfg = Debug|x64
		{29840BD0-19C2-4DDD-BC75-2EC94B6C9EEC}.Debug|x86.ActiveCfg = Debug|x64
		{29840BD0-19C2-4DDD-BC75-2EC94B6C9EEC}.Debug|x86.Build.0 = Debug|x64
		{29840BD0-19C2-4DDD-BC75-2EC94B6C9EEC}.Release_NO_PTHREAD_WITH_BULLET|Emscripten.ActiveCfg = Release_NO_PTHREAD_WITH_BULLET|Emscripten
		{29840BD0-19C2-4DDD-BC75-2EC94B6C9EEC}.Release_NO_PTHREAD_WITH_BULLET|x64.ActiveCfg = Release_NO_PTHREAD_WITH_BULLET|x64
		{29840BD0-19C2-4DDD-BC75-2EC94B6C9EEC}.Release_NO_PTHREAD_WITH_BULLET|x64.Build.0 = Release_NO_PTHREAD_WITH_BULLET|x64
		{29840BD0-19C2-4DDD-BC75-2EC94B6C9EEC}.Release_NO_PTHREAD_WITH_BULLET|x86.ActiveCfg = Release_NO_PTHREAD_WITH_BULLET|x64
		{29840BD0-19C2-4DDD-BC75-2EC94B6C9EEC}.Release_NO_PTHREAD_WITH_BULLET|x86.Build.0 = Release_NO_PTHREAD_WITH_BULLET|x64
		{29840BD0-19C2-4DDD-BC75-2EC94B6C9EEC}.Release_NoPthread|Emscripten.ActiveCfg = Release_NoPthread|Emscripten
		{29840BD0-19C2-4DDD-BC75-2EC94B6C9EEC}.Release_NoPthread|Emscripten.Build.0 = Release_NoPthread|Emscripten
		{29840BD0-19C2-4DDD-BC75-2EC94B6C9EEC}.Release_NoPthread|x64.ActiveCfg = Release_NoPthread|x64
		{29840BD0-19C2-4DDD-BC75-2EC94B6C9EEC}.Release_NoPthread|x64.Build.0 = Release_NoPthread|x64
		{29840BD0-19C2-4DDD-BC75-2EC94B6C9EEC}.Release_NoPthread|x86.ActiveCfg = Release_NoPthread|x64
		{29840BD0-19C2-4DDD-BC75-2EC94B6C9EEC}.Release_NoPthread|x86.Build.0 = Release_NoPthread|x64
		{29840BD0-19C2-4DDD-BC75-2EC94B6C9EEC}.Release|Emscripten.ActiveCfg = Release|Emscripten
		{29840BD0-19C2-4DDD-BC75-2EC94B6C9EEC}.Release|x64.ActiveCfg = Release|x64
		{29840BD0-19C2-4DDD-BC75-2EC94B6C9EEC}.Release|x64.Build.0 = Release|x64
		{29840BD0-19C2-4DDD-BC75-2EC94B6C9EEC}.Release|x86.ActiveCfg = Release|x64
		{29840BD0-19C2-4DDD-BC75-2EC94B6C9EEC}.Release|x86.Build.0 = Release|x64
		{D07C6FC2-02D7-41AE-8498-35186CD57B5A}.Debug_NoPthread|Emscripten.ActiveCfg = Debug_NoPthread|Emscripten
		{D07C6FC2-02D7-41AE-8498-35186CD57B5A}.Debug_NoPthread|Emscripten.Build.0 = Debug_NoPthread|Emscripten
		{D07C6FC2-02D7-41AE-8498-35186CD57B5A}.Debug_NoPthread|x64.ActiveCfg = Debug_NoPthread|x64
		{D07C6FC2-02D7-41AE-8498-35186CD57B5A}.Debug_NoPthread|x64.Build.0 = Debug_NoPthread|x64
		{D07C6FC2-02D7-41AE-8498-35186CD57B5A}.Debug_NoPthread|x86.ActiveCfg = Debug_NoPthread|x64
		{D07C6FC2-02D7-41AE-8498-35186CD57B5A}.Debug_NoPthread|x86.Build.0 = Debug_NoPthread|x64
		{D07C6FC2-02D7-41AE-8498-35186CD57B5A}.Debug|Emscripten.ActiveCfg = Debug|Emscripten
		{D07C6FC2-02D7-41AE-8498-35186CD57B5A}.Debug|Emscripten.Build.0 = Debug|Emscripten
		{D07C6FC2-02D7-41AE-8498-35186CD57B5A}.Debug|x64.ActiveCfg = Debug|x64
		{D07C6FC2-02D7-41AE-8498-35186CD57B5A}.Debug|x86.ActiveCfg = Debug|x64
		{D07C6FC2-02D7-41AE-8498-35186CD57B5A}.Debug|x86.Build.0 = Debug|x64
		{D07C6FC2-02D7-41AE-8498-35186CD57B5A}.Release_NO_PTHREAD_WITH_BULLET|Emscripten.ActiveCfg = Release_NO_PTHREAD_WITH_BULLET|Emscripten
		{D07C6FC2-02D7-41AE-8498-35186CD57B5A}.Release_NO_PTHREAD_WITH_BULLET|x64.ActiveCfg = Release_NO_PTHREAD_WITH_BULLET|x64
		{D07C6FC2-02D7-41AE-8498-35186CD57B5A}.Release_NO_PTHREAD_WITH_BULLET|x64.Build.0 = Release_NO_PTHREAD_WITH_BULLET|x64
		{D07C6FC2-02D7-41AE-8498-35186CD57B5A}.Release_NO_PTHREAD_WITH_BULLET|x86.ActiveCfg = Release_NO_PTHREAD_WITH_BULLET|x64
		{D07C6FC2-02D7-41AE-8498-35186CD57B5A}.Release_NO_PTHREAD_WITH_BULLET|x86.Build.0 = Release_NO_PTHREAD_WITH_BULLET|x64
		{D07C6FC2-02D7-41AE-8498-35186CD57B5A}.Release_NoPthread|Emscripten.ActiveCfg = Release_NoPthread|Emscripten
		{D07C6FC2-02D7-41AE-8498-35186CD57B5A}.Release_NoPthread|Emscripten.Build.0 = Release_NoPthread|Emscripten
		{D07C6FC2-02D7-41AE-8498-35186CD57B5A}.Release_NoPthread|x64.ActiveCfg = Release_NoPthread|x64
		{D07C6FC2-02D7-41AE-8498-35186CD57B5A}.Release_NoPthread|x64.Build.0 = Release_NoPthread|x64
		{D07C6FC2-02D7-41AE-8498-35186CD57B5A}.Release_NoPthread|x86.ActiveCfg = Release_NoPthread|x64
		{D07C6FC2-02D7-41AE-8498-35186CD57B5A}.Release_NoPthread|x86.Build.0 = Release_NoPthread|x64
		{D07C6FC2-02D7-41AE-8498-35186CD57B5A}.Release|Emscripten.ActiveCfg = Release|Emscripten
		{D07C6FC2-02D7-41AE-8498-35186CD57B5A}.Release|x64.ActiveCfg = Release|x64
		{D07C6FC2-02D7-41AE-8498-35186CD57B5A}.Release|x64.Build.0 = Release|x64
		{D07C6FC2-02D7-41AE-8498-35186CD57B5A}.Release|x86.ActiveCfg = Release|x64
		{D07C6FC2-02D7-41AE-8498-35186CD57B5A}.Release|x86.Build.0 = Release|x64
		{9A498592-0B17-40A4-B6BA-426E86086FCC}.Debug_NoPthread|Emscripten.ActiveCfg = Debug|Emscripten
		{9A498592-0B17-40A4-B6BA-426E86086FCC}.Debug_NoPthread|Emscripten.Build.0 = Debug|Emscripten
		{9A498592-0B17-40A4-B6BA-426E86086FCC}.Debug_NoPthread|x64.ActiveCfg = Debug|Emscripten
		{9A498592-0B17-40A4-B6BA-426E86086FCC}.Debug_NoPthread|x64.Build.0 = Debug|Emscripten
		{9A498592-0B17-40A4-B6BA-426E86086FCC}.Debug_NoPthread|x86.ActiveCfg = Debug|Emscripten
		{9A498592-0B17-40A4-B6BA-426E86086FCC}.Debug_NoPthread|x86.Build.0 = Debug|Emscripten
		{9A498592-0B17-40A4-B6BA-426E86086FCC}.Debug|Emscripten.ActiveCfg = Debug|Emscripten
		{9A498592-0B17-40A4-B6BA-426E86086FCC}.Debug|Emscripten.Build.0 = Debug|Emscripten
		{9A498592-0B17-40A4-B6BA-426E86086FCC}.Debug|x64.ActiveCfg = Debug|Emscripten
		{9A498592-0B17-40A4-B6BA-426E86086FCC}.Debug|x86.ActiveCfg = Debug|Emscripten
		{9A498592-0B17-40A4-B6BA-426E86086FCC}.Debug|x86.Build.0 = Debug|Emscripten
		{9A498592-0B17-40A4-B6BA-426E86086FCC}.Release_NO_PTHREAD_WITH_BULLET|Emscripten.ActiveCfg = Release_NO_PTHREAD_WITH_BULLET|Emscripten
		{9A498592-0B17-40A4-B6BA-426E86086FCC}.Release_NO_PTHREAD_WITH_BULLET|Emscripten.Build.0 = Release_NO_PTHREAD_WITH_BULLET|Emscripten
		{9A498592-0B17-40A4-B6BA-426E86086FCC}.Release_NO_PTHREAD_WITH_BULLET|x64.ActiveCfg = Release_NO_PTHREAD_WITH_BULLET|Emscripten
		{9A498592-0B17-40A4-B6BA-426E86086FCC}.Release_NO_PTHREAD_WITH_BULLET|x86.ActiveCfg = Release_NO_PTHREAD_WITH_BULLET|Emscripten
		{9A498592-0B17-40A4-B6BA-426E86086FCC}.Release_NO_PTHREAD_WITH_BULLET|x86.Build.0 = Release_NO_PTHREAD_WITH_BULLET|Emscripten
		{9A498592-0B17-40A4-B6BA-426E86086FCC}.Release_NoPthread|Emscripten.ActiveCfg = Release|Emscripten
		{9A498592-0B17-40A4-B6BA-426E86086FCC}.Release_NoPthread|Emscripten.Build.0 = Release|Emscripten
		{9A498592-0B17-40A4-B6BA-426E86086FCC}.Release_NoPthread|x64.ActiveCfg = Release|Emscripten
		{9A498592-0B17-40A4-B6BA-426E86086FCC}.Release_NoPthread|x64.Build.0 = Release|Emscripten
		{9A498592-0B17-40A4-B6BA-426E86086FCC}.Release_NoPthread|x86.ActiveCfg = Release_NO_PTHREAD_WITH_BULLET|Emscripten
		{9A498592-0B17-40A4-B6BA-426E86086FCC}.Release_NoPthread|x86.Build.0 = Release_NO_PTHREAD_WITH_BULLET|Emscripten
		{9A498592-0B17-40A4-B6BA-426E86086FCC}.Release|Emscripten.ActiveCfg = Release|Emscripten
		{9A498592-0B17-40A4-B6BA-426E86086FCC}.Release|Emscripten.Build.0 = Release|Emscripten
		{9A498592-0B17-40A4-B6BA-426E86086FCC}.Release|x64.ActiveCfg = Release|Emscripten
		{9A498592-0B17-40A4-B6BA-426E86086FCC}.Release|x64.Build.0 = Release|Emscripten
		{9A498592-0B17-40A4-B6BA-426E86086FCC}.Release|x86.ActiveCfg = Release|Emscripten
		{9A498592-0B17-40A4-B6BA-426E86086FCC}.Release|x86.Build.0 = Release|Emscripten
		{CB79DCA3-5F7A-423F-BA3E-01DF441C06B1}.Debug_NoPthread|Emscripten.ActiveCfg = Debug|Emscripten
		{CB79DCA3-5F7A-423F-BA3E-01DF441C06B1}.Debug_NoPthread|Emscripten.Build.0 = Debug|Emscripten
		{CB79DCA3-5F7A-423F-BA3E-01DF441C06B1}.Debug_NoPthread|x64.ActiveCfg = Debug|x64
		{CB79DCA3-5F7A-423F-BA3E-01DF441C06B1}.Debug_NoPthread|x64.Build.0 = Debug|x64
		{CB79DCA3-5F7A-423F-BA3E-01DF441C06B1}.Debug_NoPthread|x86.ActiveCfg = Debug|x64
		{CB79DCA3-5F7A-423F-BA3E-01DF441C06B1}.Debug_NoPthread|x86.Build.0 = Debug|x64
		{CB79DCA3-5F7A-423F-BA3E-01DF441C06B1}.Debug|Emscripten.ActiveCfg = Debug|Emscripten
		{CB79DCA3-5F7A-423F-BA3E-01DF441C06B1}.Debug|Emscripten.Build.0 = Debug|Emscripten
		{CB79DCA3-5F7A-423F-BA3E-01DF441C06B1}.Debug|x64.ActiveCfg = Debug|x64
		{CB79DCA3-5F7A-423F-BA3E-01DF441C06B1}.Debug|x64.Build.0 = Debug|x64
		{CB79DCA3-5F7A-423F-BA3E-01DF441C06B1}.Debug|x86.ActiveCfg = Debug|x64
		{CB79DCA3-5F7A-423F-BA3E-01DF441C06B1}.Debug|x86.Build.0 = Debug|x64
		{CB79DCA3-5F7A-423F-BA3E-01DF441C06B1}.Release_NO_PTHREAD_WITH_BULLET|Emscripten.ActiveCfg = Release_NO_PTHREAD_WITH_BULLET|Emscripten
		{CB79DCA3-5F7A-423F-BA3E-01DF441C06B1}.Release_NO_PTHREAD_WITH_BULLET|Emscripten.Build.0 = Release_NO_PTHREAD_WITH_BULLET|Emscripten
		{CB79DCA3-5F7A-423F-BA3E-01DF441C06B1}.Release_NO_PTHREAD_WITH_BULLET|x64.ActiveCfg = Release_NO_PTHREAD_WITH_BULLET|x64
		{CB79DCA3-5F7A-423F-BA3E-01DF441C06B1}.Release_NO_PTHREAD_WITH_BULLET|x64.Build.0 = Release_NO_PTHREAD_WITH_BULLET|x64
		{CB79DCA3-5F7A-423F-BA3E-01DF441C06B1}.Release_NO_PTHREAD_WITH_BULLET|x86.ActiveCfg = Release_NO_PTHREAD_WITH_BULLET|x64
		{CB79DCA3-5F7A-423F-BA3E-01DF441C06B1}.Release_NO_PTHREAD_WITH_BULLET|x86.Build.0 = Release_NO_PTHREAD_WITH_BULLET|x64
		{CB79DCA3-5F7A-423F-BA3E-01DF441C06B1}.Release_NoPthread|Emscripten.ActiveCfg = Release_NO_PTHREAD_WITH_BULLET|Emscripten
		{CB79DCA3-5F7A-423F-BA3E-01DF441C06B1}.Release_NoPthread|Emscripten.Build.0 = Release_NO_PTHREAD_WITH_BULLET|Emscripten
		{CB79DCA3-5F7A-423F-BA3E-01DF441C06B1}.Release_NoPthread|x64.ActiveCfg = Release_NO_PTHREAD_WITH_BULLET|x64
		{CB79DCA3-5F7A-423F-BA3E-01DF441C06B1}.Release_NoPthread|x64.Build.0 = Release_NO_PTHREAD_WITH_BULLET|x64
		{CB79DCA3-5F7A-423F-BA3E-01DF441C06B1}.Release_NoPthread|x86.ActiveCfg = Release_NO_PTHREAD_WITH_BULLET|x64
		{CB79DCA3-5F7A-423F-BA3E-01DF441C06B1}.Release_NoPthread|x86.Build.0 = Release_NO_PTHREAD_WITH_BULLET|x64
		{CB79DCA3-5F7A-423F-BA3E-01DF441C06B1}.Release|Emscripten.ActiveCfg = Release|Emscripten
		{CB79DCA3-5F7A-423F-BA3E-01DF441C06B1}.Release|Emscripten.Build.0 = Release|Emscripten
		{CB79DCA3-5F7A-423F-BA3E-01DF441C06B1}.Release|x64.ActiveCfg = Release|x64
		{CB79DCA3-5F7A-423F-BA3E-01DF441C06B1}.Release|x64.Build.0 = Release|x64
		{CB79DCA3-5F7A-423F-BA3E-01DF441C06B1}.Release|x86.ActiveCfg = Release|x64
		{CB79DCA3-5F7A-423F-BA3E-01DF441C06B1}.Release|x86.Build.0 = Release|x64
		{446A6D50-5176-4D3C-938B-65E7B41D0873}.Debug_NoPthread|Emscripten.ActiveCfg = Debug|Emscripten
		{446A6D50-5176-4D3C-938B-65E7B41D0873}.Debug_NoPthread|Emscripten.Build.0 = Debug|Emscripten
		{446A6D50-5176-4D3C-938B-65E7B41D0873}.Debug_NoPthread|x64.ActiveCfg = Debug|x64
		{446A6D50-5176-4D3C-938B-65E7B41D0873}.Debug_NoPthread|x64.Build.0 = Debug|x64
		{446A6D50-5176-4D3C-938B-65E7B41D0873}.Debug_NoPthread|x86.ActiveCfg = Debug|x64
		{446A6D50-5176-4D3C-938B-65E7B41D0873}.Debug_NoPthread|x86.Build.0 = Debug|x64
		{446A6D50-5176-4D3C-938B-65E7B41D0873}.Debug|Emscripten.ActiveCfg = Debug|Emscripten
		{446A6D50-5176-4D3C-938B-65E7B41D0873}.Debug|Emscripten.Build.0 = Debug|Emscripten
		{446A6D50-5176-4D3C-938B-65E7B41D0873}.Debug|x64.ActiveCfg = Debug|x64
		{446A6D50-5176-4D3C-938B-65E7B41D0873}.Debug|x86.ActiveCfg = Debug|x64
		{446A6D50-5176-4D3C-938B-65E7B41D0873}.Debug|x86.Build.0 = Debug|x64
		{446A6D50-5176-4D3C-938B-65E7B41D0873}.Release_NO_PTHREAD_WITH_BULLET|Emscripten.ActiveCfg = Release|Emscripten
		{446A6D50-5176-4D3C-938B-65E7B41D0873}.Release_NO_PTHREAD_WITH_BULLET|Emscripten.Build.0 = Release|Emscripten
		{446A6D50-5176-4D3C-938B-65E7B41D0873}.Release_NO_PTHREAD_WITH_BULLET|x64.ActiveCfg = Release|x64
		{446A6D50-5176-4D3C-938B-65E7B41D0873}.Release_NO_PTHREAD_WITH_BULLET|x64.Build.0 = Release|x64
		{446A6D50-5176-4D3C-938B-65E7B41D0873}.Release_NO_PTHREAD_WITH_BULLET|x86.ActiveCfg = Release|x64
		{446A6D50-5176-4D3C-938B-65E7B41D0873}.Release_NO_PTHREAD_WITH_BULLET|x86.Build.0 = Release|x64
		{446A6D50-5176-4D3C-938B-65E7B41D0873}.Release_NoPthread|Emscripten.ActiveCfg = Release|Emscripten
		{446A6D50-5176-4D3C-938B-65E7B41D0873}.Release_NoPthread|Emscripten.Build.0 = Release|Emscripten
		{446A6D50-5176-4D3C-938B-65E7B41D0873}.Release_NoPthread|x64.ActiveCfg = Release|x64
		{446A6D50-5176-4D3C-938B-65E7B41D0873}.Release_NoPthread|x64.Build.0 = Release|x64
		{446A6D50-5176-4D3C-938B-65E7B41D0873}.Release_NoPthread|x86.ActiveCfg = Release|x64
		{446A6D50-5176-4D3C-938B-65E7B41D0873}.Release_NoPthread|x86.Build.0 = Release|x64
		{446A6D50-5176-4D3C-938B-65E7B41D0873}.Release|Emscripten.ActiveCfg = Release|Emscripten
		{446A6D50-5176-4D3C-938B-65E7B41D0873}.Release|Emscripten.Build.0 = Release|Emscripten
		{446A6D50-5176-4D3C-938B-65E7B41D0873}.Release|x64.ActiveCfg = Release|x64
		{446A6D50-5176-4D3C-938B-65E7B41D0873}.Release|x64.Build.0 = Release|x64
		{446A6D50-5176-4D3C-938B-65E7B41D0873}.Release|x86.ActiveCfg = Release|x64
		{446A6D50-5176-4D3C-938B-65E7B41D0873}.Release|x86.Build.0 = Release|x64
		{B1296C8B-910C-4090-A16A-42C739B864FB}.Debug_NoPthread|Emscripten.ActiveCfg = Debug|x64
		{B1296C8B-910C-4090-A16A-42C739B864FB}.Debug_NoPthread|Emscripten.Build.0 = Debug|x64
		{B1296C8B-910C-4090-A16A-42C739B864FB}.Debug_NoPthread|x64.ActiveCfg = Debug|x64
		{B1296C8B-910C-4090-A16A-42C739B864FB}.Debug_NoPthread|x64.Build.0 = Debug|x64
		{B1296C8B-910C-4090-A16A-42C739B864FB}.Debug_NoPthread|x86.ActiveCfg = Debug|Win32
		{B1296C8B-910C-4090-A16A-42C739B864FB}.Debug_NoPthread|x86.Build.0 = Debug|Win32
		{B1296C8B-910C-4090-A16A-42C739B864FB}.Debug|Emscripten.ActiveCfg = Debug|x64
		{B1296C8B-910C-4090-A16A-42C739B864FB}.Debug|Emscripten.Build.0 = Debug|x64
		{B1296C8B-910C-4090-A16A-42C739B864FB}.Debug|x64.ActiveCfg = Debug|x64
		{B1296C8B-910C-4090-A16A-42C739B864FB}.Debug|x64.Build.0 = Debug|x64
		{B1296C8B-910C-4090-A16A-42C739B864FB}.Debug|x86.ActiveCfg = Debug|Win32
		{B1296C8B-910C-4090-A16A-42C739B864FB}.Debug|x86.Build.0 = Debug|Win32
		{B1296C8B-910C-4090-A16A-42C739B864FB}.Release_NO_PTHREAD_WITH_BULLET|Emscripten.ActiveCfg = Release|x64
		{B1296C8B-910C-4090-A16A-42C739B864FB}.Release_NO_PTHREAD_WITH_BULLET|Emscripten.Build.0 = Release|x64
		{B1296C8B-910C-4090-A16A-42C739B864FB}.Release_NO_PTHREAD_WITH_BULLET|x64.ActiveCfg = Release|x64
		{B1296C8B-910C-4090-A16A-42C739B864FB}.Release_NO_PTHREAD_WITH_BULLET|x64.Build.0 = Release|x64
		{B1296C8B-910C-4090-A16A-42C739B864FB}.Release_NO_PTHREAD_WITH_BULLET|x86.ActiveCfg = Release|Win32
		{B1296C8B-910C-4090-A16A-42C739B864FB}.Release_NO_PTHREAD_WITH_BULLET|x86.Build.0 = Release|Win32
		{B1296C8B-910C-4090-A16A-42C739B864FB}.Release_NoPthread|Emscripten.ActiveCfg = Release|x64
		{B1296C8B-910C-4090-A16A-42C739B864FB}.Release_NoPthread|Emscripten.Build.0 = Release|x64
		{B1296C8B-910C-4090-A16A-42C739B864FB}.Release_NoPthread|x64.ActiveCfg = Release|x64
		{B1296C8B-910C-4090-A16A-42C739B864FB}.Release_NoPthread|x64.Build.0 = Release|x64
		{B1296C8B-910C-4090-A16A-42C739B864FB}.Release_NoPthread|x86.ActiveCfg = Release|Win32
		{B1296C8B-910C-4090-A16A-42C739B864FB}.Release_NoPthread|x86.Build.0 = Release|Win32
		{B1296C8B-910C-4090-A16A-42C739B864FB}.Release|Emscripten.ActiveCfg = Release|x64
		{B1296C8B-910C-4090-A16A-42C739B864FB}.Release|Emscripten.Build.0 = Release|x64
		{B1296C8B-910C-4090-A16A-42C739B864FB}.Release|x64.ActiveCfg = Release|x64
		{B1296C8B-910C-4090-A16A-42C739B864FB}.Release|x64.Build.0 = Release|x64
		{B1296C8B-910C-4090-A16A-42C739B864FB}.Release|x86.ActiveCfg = Release|Win32
		{B1296C8B-910C-4090-A16A-42C739B864FB}.Release|x86.Build.0 = Release|Win32
	EndGlobalSection
	GlobalSection(SolutionProperties) = preSolution
		HideSolutionNode = FALSE
	EndGlobalSection
	GlobalSection(ExtensibilityGlobals) = postSolution
		SolutionGuid = {8D02C848-5BA0-4CFB-B3BB-7B9D473173BD}
	EndGlobalSection
EndGlobal
